
Microsoft Visual Studio Solution File, Format Version 12.00
# Visual Studio Version 16
VisualStudioVersion = 16.0.29409.12
MinimumVisualStudioVersion = 10.0.40219.1
Project("{FAE04EC0-301F-11D3-BF4B-00C04F79EFBC}") = "WorkWithArrayList", "WorkWithArrayList\WorkWithArrayList.csproj", "{5C4926FB-F38F-4658-A544-80683695B6DB}"
EndProject
Project("{FAE04EC0-301F-11D3-BF4B-00C04F79EFBC}") = "IssueWithNongenericCollections", "IssueWithNongenericCollections\IssueWithNongenericCollections.csproj", "{D12C3F58-220D-4C8E-94DF-751356E4BB7D}"
EndProject
Project("{FAE04EC0-301F-11D3-BF4B-00C04F79EFBC}") = "CreateSaferCollection", "CreateSaferCollection\CreateSaferCollection.csproj", "{14BEE3A3-AC59-44E6-ACBE-017F6798C3E9}"
EndProject
Project("{FAE04EC0-301F-11D3-BF4B-00C04F79EFBC}") = "ComparableCar", "ComparableCar\ComparableCar.csproj", "{1B5CEDAF-7EDF-4C23-8F13-20C081886C16}"
EndProject
Project("{FAE04EC0-301F-11D3-BF4B-00C04F79EFBC}") = "FunWithGenericCollections", "FunWithGenericCollections\FunWithGenericCollections.csproj", "{F3F7C641-E708-4E4A-BDAB-FC012B933A02}"
EndProject
Project("{FAE04EC0-301F-11D3-BF4B-00C04F79EFBC}") = "FunWithObservableCollection", "FunWithObservableCollection\FunWithObservableCollection.csproj", "{645D9C22-441F-4D54-8921-D07E62BB7F4E}"
EndProject
Project("{FAE04EC0-301F-11D3-BF4B-00C04F79EFBC}") = "CustomGenericMethods", "CustomGenericMethods\CustomGenericMethods.csproj", "{5B19E768-EB41-4081-A141-13CA0F30B275}"
EndProject
Project("{FAE04EC0-301F-11D3-BF4B-00C04F79EFBC}") = "GenericPoint", "GenericPoint\GenericPoint.csproj", "{CC882BF3-0252-40E5-BF48-0F185A2F75AB}"
EndProject
Project("{FAE04EC0-301F-11D3-BF4B-00C04F79EFBC}") = "WhereKeyword", "WhereKeyword\WhereKeyword.csproj", "{D9514E57-DED9-4355-8BD1-8EC5CBD94F97}"
EndProject
Project("{FAE04EC0-301F-11D3-BF4B-00C04F79EFBC}") = "SimpleDelegate", "SimpleDelegate\SimpleDelegate.csproj", "{52B7D368-D718-4274-B260-155CC603AE6E}"
EndProject
Project("{FAE04EC0-301F-11D3-BF4B-00C04F79EFBC}") = "RealisticDelegate", "RealisticDelegate\RealisticDelegate.csproj", "{CF6DF1CF-54F9-44C5-9AD3-63C2976E5FF9}"
EndProject
Project("{FAE04EC0-301F-11D3-BF4B-00C04F79EFBC}") = "GenericDelegate", "GenericDelegate\GenericDelegate.csproj", "{1BD2204B-EE9F-4B16-ABB2-6CEF43295009}"
EndProject
Project("{FAE04EC0-301F-11D3-BF4B-00C04F79EFBC}") = "ActionAndFuncDelegates", "ActionAndFuncDelegates\ActionAndFuncDelegates.csproj", "{64AF8F55-8188-43D5-B1B6-AF725E3CFF64}"
EndProject
Project("{FAE04EC0-301F-11D3-BF4B-00C04F79EFBC}") = "CarEvents", "CarEvents\CarEvents.csproj", "{763232C4-BB72-4B7C-BCEF-375C00DBEF38}"
EndProject
Project("{FAE04EC0-301F-11D3-BF4B-00C04F79EFBC}") = "PrimAndProperCarEvents", "PrimAndProperCarEvents\PrimAndProperCarEvents.csproj", "{3F11F3C4-7F12-41A2-8F20-FBED78700A0D}"
EndProject
Project("{FAE04EC0-301F-11D3-BF4B-00C04F79EFBC}") = "AnonymousMethods", "AnonymousMethods\AnonymousMethods.csproj", "{973C34B7-23F1-4595-8755-19FA447317A2}"
EndProject
Project("{FAE04EC0-301F-11D3-BF4B-00C04F79EFBC}") = "SimpleLambdaExpressions", "SimpleLambdaExpressions\SimpleLambdaExpressions.csproj", "{C8ACE4D9-0E9E-481E-BE37-A6873758BD00}"
EndProject
Project("{FAE04EC0-301F-11D3-BF4B-00C04F79EFBC}") = "LambdaExpressionsMultipleParams", "LambdaExpressionsMultipleParams\LambdaExpressionsMultipleParams.csproj", "{BEF47004-8889-4E74-B595-F667CCF2954D}"
EndProject
Project("{FAE04EC0-301F-11D3-BF4B-00C04F79EFBC}") = "LambdaCarEvents", "LambdaCarEvents\LambdaCarEvents.csproj", "{D9B0C184-E262-4318-A1E4-B093ECD4BB21}"
EndProject
Project("{FAE04EC0-301F-11D3-BF4B-00C04F79EFBC}") = "SimpleIndexer", "SimpleIndexer\SimpleIndexer.csproj", "{40043F89-9D0E-4975-8FC9-E4A43F9BA667}"
EndProject
Project("{FAE04EC0-301F-11D3-BF4B-00C04F79EFBC}") = "StringIndexer", "StringIndexer\StringIndexer.csproj", "{FAD897AF-EE04-4C89-8193-9F62BD15AEC8}"
EndProject
Project("{FAE04EC0-301F-11D3-BF4B-00C04F79EFBC}") = "MultiIndexers", "MultiIndexers\MultiIndexers.csproj", "{699E6246-3FA7-4789-A6EF-CCAB2F01CFD7}"
EndProject
Project("{FAE04EC0-301F-11D3-BF4B-00C04F79EFBC}") = "OverloadedOps", "OverloadedOps\OverloadedOps.csproj", "{553A7603-CB65-4B4C-8873-330C772520BB}"
EndProject
Project("{FAE04EC0-301F-11D3-BF4B-00C04F79EFBC}") = "CustomConversions", "CustomConversions\CustomConversions.csproj", "{F9AFDF67-6ED0-4AF9-A606-C40F7E3C53FF}"
EndProject
Project("{FAE04EC0-301F-11D3-BF4B-00C04F79EFBC}") = "ExtensionMethods", "ExtensionMethods\ExtensionMethods.csproj", "{48F5D2DE-C5A5-48F9-A6B3-56167925427E}"
EndProject
Project("{FAE04EC0-301F-11D3-BF4B-00C04F79EFBC}") = "AnonymousTypes", "AnonymousTypes\AnonymousTypes.csproj", "{76A86C10-7540-4B68-9507-2B0528CAD945}"
EndProject
Project("{FAE04EC0-301F-11D3-BF4B-00C04F79EFBC}") = "UnsafeCode", "UnsafeCode\UnsafeCode.csproj", "{3BE74493-1976-44A0-ADB0-F13229118374}"
EndProject
Global
	GlobalSection(SolutionConfigurationPlatforms) = preSolution
		Debug|Any CPU = Debug|Any CPU
		Release|Any CPU = Release|Any CPU
	EndGlobalSection
	GlobalSection(ProjectConfigurationPlatforms) = postSolution
		{5C4926FB-F38F-4658-A544-80683695B6DB}.Debug|Any CPU.ActiveCfg = Debug|Any CPU
		{5C4926FB-F38F-4658-A544-80683695B6DB}.Debug|Any CPU.Build.0 = Debug|Any CPU
		{5C4926FB-F38F-4658-A544-80683695B6DB}.Release|Any CPU.ActiveCfg = Release|Any CPU
		{5C4926FB-F38F-4658-A544-80683695B6DB}.Release|Any CPU.Build.0 = Release|Any CPU
		{D12C3F58-220D-4C8E-94DF-751356E4BB7D}.Debug|Any CPU.ActiveCfg = Debug|Any CPU
		{D12C3F58-220D-4C8E-94DF-751356E4BB7D}.Debug|Any CPU.Build.0 = Debug|Any CPU
		{D12C3F58-220D-4C8E-94DF-751356E4BB7D}.Release|Any CPU.ActiveCfg = Release|Any CPU
		{D12C3F58-220D-4C8E-94DF-751356E4BB7D}.Release|Any CPU.Build.0 = Release|Any CPU
		{14BEE3A3-AC59-44E6-ACBE-017F6798C3E9}.Debug|Any CPU.ActiveCfg = Debug|Any CPU
		{14BEE3A3-AC59-44E6-ACBE-017F6798C3E9}.Debug|Any CPU.Build.0 = Debug|Any CPU
		{14BEE3A3-AC59-44E6-ACBE-017F6798C3E9}.Release|Any CPU.ActiveCfg = Release|Any CPU
		{14BEE3A3-AC59-44E6-ACBE-017F6798C3E9}.Release|Any CPU.Build.0 = Release|Any CPU
		{1B5CEDAF-7EDF-4C23-8F13-20C081886C16}.Debug|Any CPU.ActiveCfg = Debug|Any CPU
		{1B5CEDAF-7EDF-4C23-8F13-20C081886C16}.Debug|Any CPU.Build.0 = Debug|Any CPU
		{1B5CEDAF-7EDF-4C23-8F13-20C081886C16}.Release|Any CPU.ActiveCfg = Release|Any CPU
		{1B5CEDAF-7EDF-4C23-8F13-20C081886C16}.Release|Any CPU.Build.0 = Release|Any CPU
		{F3F7C641-E708-4E4A-BDAB-FC012B933A02}.Debug|Any CPU.ActiveCfg = Debug|Any CPU
		{F3F7C641-E708-4E4A-BDAB-FC012B933A02}.Debug|Any CPU.Build.0 = Debug|Any CPU
		{F3F7C641-E708-4E4A-BDAB-FC012B933A02}.Release|Any CPU.ActiveCfg = Release|Any CPU
		{F3F7C641-E708-4E4A-BDAB-FC012B933A02}.Release|Any CPU.Build.0 = Release|Any CPU
		{645D9C22-441F-4D54-8921-D07E62BB7F4E}.Debug|Any CPU.ActiveCfg = Debug|Any CPU
		{645D9C22-441F-4D54-8921-D07E62BB7F4E}.Debug|Any CPU.Build.0 = Debug|Any CPU
		{645D9C22-441F-4D54-8921-D07E62BB7F4E}.Release|Any CPU.ActiveCfg = Release|Any CPU
		{645D9C22-441F-4D54-8921-D07E62BB7F4E}.Release|Any CPU.Build.0 = Release|Any CPU
		{5B19E768-EB41-4081-A141-13CA0F30B275}.Debug|Any CPU.ActiveCfg = Debug|Any CPU
		{5B19E768-EB41-4081-A141-13CA0F30B275}.Debug|Any CPU.Build.0 = Debug|Any CPU
		{5B19E768-EB41-4081-A141-13CA0F30B275}.Release|Any CPU.ActiveCfg = Release|Any CPU
		{5B19E768-EB41-4081-A141-13CA0F30B275}.Release|Any CPU.Build.0 = Release|Any CPU
		{CC882BF3-0252-40E5-BF48-0F185A2F75AB}.Debug|Any CPU.ActiveCfg = Debug|Any CPU
		{CC882BF3-0252-40E5-BF48-0F185A2F75AB}.Debug|Any CPU.Build.0 = Debug|Any CPU
		{CC882BF3-0252-40E5-BF48-0F185A2F75AB}.Release|Any CPU.ActiveCfg = Release|Any CPU
		{CC882BF3-0252-40E5-BF48-0F185A2F75AB}.Release|Any CPU.Build.0 = Release|Any CPU
		{D9514E57-DED9-4355-8BD1-8EC5CBD94F97}.Debug|Any CPU.ActiveCfg = Debug|Any CPU
		{D9514E57-DED9-4355-8BD1-8EC5CBD94F97}.Debug|Any CPU.Build.0 = Debug|Any CPU
		{D9514E57-DED9-4355-8BD1-8EC5CBD94F97}.Release|Any CPU.ActiveCfg = Release|Any CPU
		{D9514E57-DED9-4355-8BD1-8EC5CBD94F97}.Release|Any CPU.Build.0 = Release|Any CPU
		{52B7D368-D718-4274-B260-155CC603AE6E}.Debug|Any CPU.ActiveCfg = Debug|Any CPU
		{52B7D368-D718-4274-B260-155CC603AE6E}.Debug|Any CPU.Build.0 = Debug|Any CPU
		{52B7D368-D718-4274-B260-155CC603AE6E}.Release|Any CPU.ActiveCfg = Release|Any CPU
		{52B7D368-D718-4274-B260-155CC603AE6E}.Release|Any CPU.Build.0 = Release|Any CPU
		{CF6DF1CF-54F9-44C5-9AD3-63C2976E5FF9}.Debug|Any CPU.ActiveCfg = Debug|Any CPU
		{CF6DF1CF-54F9-44C5-9AD3-63C2976E5FF9}.Debug|Any CPU.Build.0 = Debug|Any CPU
		{CF6DF1CF-54F9-44C5-9AD3-63C2976E5FF9}.Release|Any CPU.ActiveCfg = Release|Any CPU
		{CF6DF1CF-54F9-44C5-9AD3-63C2976E5FF9}.Release|Any CPU.Build.0 = Release|Any CPU
		{1BD2204B-EE9F-4B16-ABB2-6CEF43295009}.Debug|Any CPU.ActiveCfg = Debug|Any CPU
		{1BD2204B-EE9F-4B16-ABB2-6CEF43295009}.Debug|Any CPU.Build.0 = Debug|Any CPU
		{1BD2204B-EE9F-4B16-ABB2-6CEF43295009}.Release|Any CPU.ActiveCfg = Release|Any CPU
		{1BD2204B-EE9F-4B16-ABB2-6CEF43295009}.Release|Any CPU.Build.0 = Release|Any CPU
		{64AF8F55-8188-43D5-B1B6-AF725E3CFF64}.Debug|Any CPU.ActiveCfg = Debug|Any CPU
		{64AF8F55-8188-43D5-B1B6-AF725E3CFF64}.Debug|Any CPU.Build.0 = Debug|Any CPU
		{64AF8F55-8188-43D5-B1B6-AF725E3CFF64}.Release|Any CPU.ActiveCfg = Release|Any CPU
		{64AF8F55-8188-43D5-B1B6-AF725E3CFF64}.Release|Any CPU.Build.0 = Release|Any CPU
		{763232C4-BB72-4B7C-BCEF-375C00DBEF38}.Debug|Any CPU.ActiveCfg = Debug|Any CPU
		{763232C4-BB72-4B7C-BCEF-375C00DBEF38}.Debug|Any CPU.Build.0 = Debug|Any CPU
		{763232C4-BB72-4B7C-BCEF-375C00DBEF38}.Release|Any CPU.ActiveCfg = Release|Any CPU
		{763232C4-BB72-4B7C-BCEF-375C00DBEF38}.Release|Any CPU.Build.0 = Release|Any CPU
		{3F11F3C4-7F12-41A2-8F20-FBED78700A0D}.Debug|Any CPU.ActiveCfg = Debug|Any CPU
		{3F11F3C4-7F12-41A2-8F20-FBED78700A0D}.Debug|Any CPU.Build.0 = Debug|Any CPU
		{3F11F3C4-7F12-41A2-8F20-FBED78700A0D}.Release|Any CPU.ActiveCfg = Release|Any CPU
		{3F11F3C4-7F12-41A2-8F20-FBED78700A0D}.Release|Any CPU.Build.0 = Release|Any CPU
		{973C34B7-23F1-4595-8755-19FA447317A2}.Debug|Any CPU.ActiveCfg = Debug|Any CPU
		{973C34B7-23F1-4595-8755-19FA447317A2}.Debug|Any CPU.Build.0 = Debug|Any CPU
		{973C34B7-23F1-4595-8755-19FA447317A2}.Release|Any CPU.ActiveCfg = Release|Any CPU
		{973C34B7-23F1-4595-8755-19FA447317A2}.Release|Any CPU.Build.0 = Release|Any CPU
		{C8ACE4D9-0E9E-481E-BE37-A6873758BD00}.Debug|Any CPU.ActiveCfg = Debug|Any CPU
		{C8ACE4D9-0E9E-481E-BE37-A6873758BD00}.Debug|Any CPU.Build.0 = Debug|Any CPU
		{C8ACE4D9-0E9E-481E-BE37-A6873758BD00}.Release|Any CPU.ActiveCfg = Release|Any CPU
		{C8ACE4D9-0E9E-481E-BE37-A6873758BD00}.Release|Any CPU.Build.0 = Release|Any CPU
		{BEF47004-8889-4E74-B595-F667CCF2954D}.Debug|Any CPU.ActiveCfg = Debug|Any CPU
		{BEF47004-8889-4E74-B595-F667CCF2954D}.Debug|Any CPU.Build.0 = Debug|Any CPU
		{BEF47004-8889-4E74-B595-F667CCF2954D}.Release|Any CPU.ActiveCfg = Release|Any CPU
		{BEF47004-8889-4E74-B595-F667CCF2954D}.Release|Any CPU.Build.0 = Release|Any CPU
		{D9B0C184-E262-4318-A1E4-B093ECD4BB21}.Debug|Any CPU.ActiveCfg = Debug|Any CPU
		{D9B0C184-E262-4318-A1E4-B093ECD4BB21}.Debug|Any CPU.Build.0 = Debug|Any CPU
		{D9B0C184-E262-4318-A1E4-B093ECD4BB21}.Release|Any CPU.ActiveCfg = Release|Any CPU
		{D9B0C184-E262-4318-A1E4-B093ECD4BB21}.Release|Any CPU.Build.0 = Release|Any CPU
		{40043F89-9D0E-4975-8FC9-E4A43F9BA667}.Debug|Any CPU.ActiveCfg = Debug|Any CPU
		{40043F89-9D0E-4975-8FC9-E4A43F9BA667}.Debug|Any CPU.Build.0 = Debug|Any CPU
		{40043F89-9D0E-4975-8FC9-E4A43F9BA667}.Release|Any CPU.ActiveCfg = Release|Any CPU
		{40043F89-9D0E-4975-8FC9-E4A43F9BA667}.Release|Any CPU.Build.0 = Release|Any CPU
		{FAD897AF-EE04-4C89-8193-9F62BD15AEC8}.Debug|Any CPU.ActiveCfg = Debug|Any CPU
		{FAD897AF-EE04-4C89-8193-9F62BD15AEC8}.Debug|Any CPU.Build.0 = Debug|Any CPU
		{FAD897AF-EE04-4C89-8193-9F62BD15AEC8}.Release|Any CPU.ActiveCfg = Release|Any CPU
		{FAD897AF-EE04-4C89-8193-9F62BD15AEC8}.Release|Any CPU.Build.0 = Release|Any CPU
		{699E6246-3FA7-4789-A6EF-CCAB2F01CFD7}.Debug|Any CPU.ActiveCfg = Debug|Any CPU
		{699E6246-3FA7-4789-A6EF-CCAB2F01CFD7}.Debug|Any CPU.Build.0 = Debug|Any CPU
		{699E6246-3FA7-4789-A6EF-CCAB2F01CFD7}.Release|Any CPU.ActiveCfg = Release|Any CPU
		{699E6246-3FA7-4789-A6EF-CCAB2F01CFD7}.Release|Any CPU.Build.0 = Release|Any CPU
		{553A7603-CB65-4B4C-8873-330C772520BB}.Debug|Any CPU.ActiveCfg = Debug|Any CPU
		{553A7603-CB65-4B4C-8873-330C772520BB}.Debug|Any CPU.Build.0 = Debug|Any CPU
		{553A7603-CB65-4B4C-8873-330C772520BB}.Release|Any CPU.ActiveCfg = Release|Any CPU
		{553A7603-CB65-4B4C-8873-330C772520BB}.Release|Any CPU.Build.0 = Release|Any CPU
		{F9AFDF67-6ED0-4AF9-A606-C40F7E3C53FF}.Debug|Any CPU.ActiveCfg = Debug|Any CPU
		{F9AFDF67-6ED0-4AF9-A606-C40F7E3C53FF}.Debug|Any CPU.Build.0 = Debug|Any CPU
		{F9AFDF67-6ED0-4AF9-A606-C40F7E3C53FF}.Release|Any CPU.ActiveCfg = Release|Any CPU
		{F9AFDF67-6ED0-4AF9-A606-C40F7E3C53FF}.Release|Any CPU.Build.0 = Release|Any CPU
		{48F5D2DE-C5A5-48F9-A6B3-56167925427E}.Debug|Any CPU.ActiveCfg = Debug|Any CPU
		{48F5D2DE-C5A5-48F9-A6B3-56167925427E}.Debug|Any CPU.Build.0 = Debug|Any CPU
		{48F5D2DE-C5A5-48F9-A6B3-56167925427E}.Release|Any CPU.ActiveCfg = Release|Any CPU
		{48F5D2DE-C5A5-48F9-A6B3-56167925427E}.Release|Any CPU.Build.0 = Release|Any CPU
		{76A86C10-7540-4B68-9507-2B0528CAD945}.Debug|Any CPU.ActiveCfg = Debug|Any CPU
		{76A86C10-7540-4B68-9507-2B0528CAD945}.Debug|Any CPU.Build.0 = Debug|Any CPU
		{76A86C10-7540-4B68-9507-2B0528CAD945}.Release|Any CPU.ActiveCfg = Release|Any CPU
		{76A86C10-7540-4B68-9507-2B0528CAD945}.Release|Any CPU.Build.0 = Release|Any CPU
		{3BE74493-1976-44A0-ADB0-F13229118374}.Debug|Any CPU.ActiveCfg = Debug|Any CPU
		{3BE74493-1976-44A0-ADB0-F13229118374}.Debug|Any CPU.Build.0 = Debug|Any CPU
		{3BE74493-1976-44A0-ADB0-F13229118374}.Release|Any CPU.ActiveCfg = Release|Any CPU
		{3BE74493-1976-44A0-ADB0-F13229118374}.Release|Any CPU.Build.0 = Release|Any CPU
	EndGlobalSection
	GlobalSection(SolutionProperties) = preSolution
		HideSolutionNode = FALSE
	EndGlobalSection
	GlobalSection(ExtensibilityGlobals) = postSolution
		SolutionGuid = {AC3D34EA-CBB9-49BB-8A10-8AE6C7782115}
	EndGlobalSection
EndGlobal
